{
  "object": {
    "pins": [
      {
        "package": "SwiftUICharts",
        "repositoryURL": "https://github.com/AppPear/ChartView",
        "state": {
          "branch": null,
          "revision": "4699847a9ac0c694666cea3acef133498952566e",
          "version": "1.5.4"
        }
      },
      {
        "package": "IceCream",
        "repositoryURL": "https://github.com/caiyue1993/IceCream.git",
        "state": {
          "branch": null,
          "revision": "1693e301c44d92066af7f1eae20eb2ec2a5f926e",
          "version": "1.13.2"
        }
      },
      {
        "package": "Realm",
        "repositoryURL": "https://github.com/realm/realm-cocoa",
        "state": {
          "branch": null,
          "revision": "fa43b8e2909334c79f233ce472332c136ca108da",
          "version": "4.4.1"
        }
      },
      {
        "package": "RealmCore",
        "repositoryURL": "https://github.com/realm/realm-core",
        "state": {
          "branch": null,
          "revision": "35662ff940e340bf630ad1d1d88acfc7af18bee6",
          "version": "5.23.8"
        }
      },
      {
        "package": "Shapes",
        "repositoryURL": "https://github.com/swift-extensions/shapes.git",
        "state": {
          "branch": null,
          "revision": "4181f01df194e5ee0c5937cc567ec97d16ef7362",
          "version": "0.1.0"
        }
      },
      {
        "package": "Charts",
        "repositoryURL": "https://github.com/spacenation/swiftui-charts.git",
        "state": {
          "branch": null,
          "revision": "71eb769830dc70fd065debb47326eb01b6589e9d",
          "version": "0.1.0"
        }
      },
      {
        "package": "SwiftUIPager",
        "repositoryURL": "https://github.com/fermoya/SwiftUIPager.git",
        "state": {
          "branch": null,
          "revision": "a81dd730104e15af3a1776afe1d15e1f88661cf0",
          "version": "1.10.4"
        }
      },
      {
        "package": "SwiftyJSON",
        "repositoryURL": "https://github.com/SwiftyJSON/SwiftyJSON.git",
        "state": {
          "branch": null,
          "revision": "2b6054efa051565954e1d2b9da831680026cd768",
          "version": "5.0.0"
        }
      }
    ]
  },
  "version": 1
}
