{
  "object": {
    "pins": [
      {
        "package": "Realm",
        "repositoryURL": "https://github.com/realm/realm-cocoa.git",
        "state": {
          "branch": null,
          "revision": "5d296d8a3750ac86e731263b44e2ba0c3c85f2cb",
          "version": "5.3.2"
        }
      },
      {
        "package": "RealmCore",
        "repositoryURL": "https://github.com/realm/realm-core",
        "state": {
          "branch": null,
          "revision": "55a0d32516c0f3a5fd3ab8c0224ee22efcc7cd58",
          "version": "6.0.12"
        }
      },
      {
        "package": "Shapes",
        "repositoryURL": "https://github.com/swift-extensions/shapes.git",
        "state": {
          "branch": null,
          "revision": "4181f01df194e5ee0c5937cc567ec97d16ef7362",
          "version": "0.1.0"
        }
      },
      {
        "package": "Charts",
        "repositoryURL": "https://github.com/spacenation/swiftui-charts.git",
        "state": {
          "branch": null,
          "revision": "71eb769830dc70fd065debb47326eb01b6589e9d",
          "version": "0.1.0"
        }
      },
      {
        "package": "SwiftyJSON",
        "repositoryURL": "https://github.com/SwiftyJSON/SwiftyJSON.git",
        "state": {
          "branch": null,
          "revision": "2b6054efa051565954e1d2b9da831680026cd768",
          "version": "5.0.0"
        }
      }
    ]
  },
  "version": 1
}
